// !$*UTF8*$!
{
	archiveVersion = 1;
	classes = {
	};
	objectVersion = 56;
	objects = {

/* Begin PBXBuildFile section */
		1133908C2A08C87C00D3A386 /* testFramework.h in Headers */ = {isa = PBXBuildFile; fileRef = 1133908B2A08C87C00D3A386 /* testFramework.h */; settings = {ATTRIBUTES = (Public, ); }; };
		113390932A08C8F200D3A386 /* CustomLog.swift in Sources */ = {isa = PBXBuildFile; fileRef = 113390922A08C8F200D3A386 /* CustomLog.swift */; };
		1133909B2A08CA7900D3A386 /* TestFrameworkExamplesApp.swift in Sources */ = {isa = PBXBuildFile; fileRef = 1133909A2A08CA7900D3A386 /* TestFrameworkExamplesApp.swift */; };
		1133909D2A08CA7900D3A386 /* ContentView.swift in Sources */ = {isa = PBXBuildFile; fileRef = 1133909C2A08CA7900D3A386 /* ContentView.swift */; };
		1133909F2A08CA7E00D3A386 /* Assets.xcassets in Resources */ = {isa = PBXBuildFile; fileRef = 1133909E2A08CA7E00D3A386 /* Assets.xcassets */; };
		113390A22A08CA7E00D3A386 /* Preview Assets.xcassets in Resources */ = {isa = PBXBuildFile; fileRef = 113390A12A08CA7E00D3A386 /* Preview Assets.xcassets */; };
		113390B42A08DE0F00D3A386 /* testFramework.framework in Frameworks */ = {isa = PBXBuildFile; fileRef = 113390882A08C87C00D3A386 /* testFramework.framework */; };
		113390B52A08DE0F00D3A386 /* testFramework.framework in Embed Frameworks */ = {isa = PBXBuildFile; fileRef = 113390882A08C87C00D3A386 /* testFramework.framework */; settings = {ATTRIBUTES = (CodeSignOnCopy, RemoveHeadersOnCopy, ); }; };
/* End PBXBuildFile section */

/* Begin PBXContainerItemProxy section */
		113390B62A08DE0F00D3A386 /* PBXContainerItemProxy */ = {
			isa = PBXContainerItemProxy;
			containerPortal = 1133907F2A08C87C00D3A386 /* Project object */;
			proxyType = 1;
			remoteGlobalIDString = 113390872A08C87C00D3A386;
			remoteInfo = testFramework;
		};
/* End PBXContainerItemProxy section */

/* Begin PBXCopyFilesBuildPhase section */
		113390B32A08D6F600D3A386 /* Embed Frameworks */ = {
			isa = PBXCopyFilesBuildPhase;
			buildActionMask = 2147483647;
			dstPath = "";
			dstSubfolderSpec = 10;
			files = (
				113390B52A08DE0F00D3A386 /* testFramework.framework in Embed Frameworks */,
			);
			name = "Embed Frameworks";
			runOnlyForDeploymentPostprocessing = 0;
		};
/* End PBXCopyFilesBuildPhase section */

/* Begin PBXFileReference section */
		113390882A08C87C00D3A386 /* testFramework.framework */ = {isa = PBXFileReference; explicitFileType = wrapper.framework; includeInIndex = 0; path = testFramework.framework; sourceTree = BUILT_PRODUCTS_DIR; };
		1133908B2A08C87C00D3A386 /* testFramework.h */ = {isa = PBXFileReference; lastKnownFileType = sourcecode.c.h; path = testFramework.h; sourceTree = "<group>"; };
		113390922A08C8F200D3A386 /* CustomLog.swift */ = {isa = PBXFileReference; lastKnownFileType = sourcecode.swift; path = CustomLog.swift; sourceTree = "<group>"; };
		113390982A08CA7900D3A386 /* TestFrameworkExamples.app */ = {isa = PBXFileReference; explicitFileType = wrapper.application; includeInIndex = 0; path = TestFrameworkExamples.app; sourceTree = BUILT_PRODUCTS_DIR; };
		1133909A2A08CA7900D3A386 /* TestFrameworkExamplesApp.swift */ = {isa = PBXFileReference; lastKnownFileType = sourcecode.swift; path = TestFrameworkExamplesApp.swift; sourceTree = "<group>"; };
		1133909C2A08CA7900D3A386 /* ContentView.swift */ = {isa = PBXFileReference; lastKnownFileType = sourcecode.swift; path = ContentView.swift; sourceTree = "<group>"; };
		1133909E2A08CA7E00D3A386 /* Assets.xcassets */ = {isa = PBXFileReference; lastKnownFileType = folder.assetcatalog; path = Assets.xcassets; sourceTree = "<group>"; };
		113390A12A08CA7E00D3A386 /* Preview Assets.xcassets */ = {isa = PBXFileReference; lastKnownFileType = folder.assetcatalog; path = "Preview Assets.xcassets"; sourceTree = "<group>"; };
/* End PBXFileReference section */

/* Begin PBXFrameworksBuildPhase section */
		113390852A08C87C00D3A386 /* Frameworks */ = {
			isa = PBXFrameworksBuildPhase;
			buildActionMask = 2147483647;
			files = (
			);
			runOnlyForDeploymentPostprocessing = 0;
		};
		113390952A08CA7900D3A386 /* Frameworks */ = {
			isa = PBXFrameworksBuildPhase;
			buildActionMask = 2147483647;
			files = (
				113390B42A08DE0F00D3A386 /* testFramework.framework in Frameworks */,
			);
			runOnlyForDeploymentPostprocessing = 0;
		};
/* End PBXFrameworksBuildPhase section */

/* Begin PBXGroup section */
		1133907E2A08C87C00D3A386 = {
			isa = PBXGroup;
			children = (
				1133908A2A08C87C00D3A386 /* testFramework */,
				113390992A08CA7900D3A386 /* TestFrameworkExamples */,
				113390892A08C87C00D3A386 /* Products */,
				113390A62A08CACA00D3A386 /* Frameworks */,
			);
			sourceTree = "<group>";
		};
		113390892A08C87C00D3A386 /* Products */ = {
			isa = PBXGroup;
			children = (
				113390882A08C87C00D3A386 /* testFramework.framework */,
				113390982A08CA7900D3A386 /* TestFrameworkExamples.app */,
			);
			name = Products;
			sourceTree = "<group>";
		};
		1133908A2A08C87C00D3A386 /* testFramework */ = {
			isa = PBXGroup;
			children = (
				1133908B2A08C87C00D3A386 /* testFramework.h */,
				113390922A08C8F200D3A386 /* CustomLog.swift */,
			);
			path = testFramework;
			sourceTree = "<group>";
		};
		113390992A08CA7900D3A386 /* TestFrameworkExamples */ = {
			isa = PBXGroup;
			children = (
				1133909A2A08CA7900D3A386 /* TestFrameworkExamplesApp.swift */,
				1133909C2A08CA7900D3A386 /* ContentView.swift */,
				1133909E2A08CA7E00D3A386 /* Assets.xcassets */,
				113390A02A08CA7E00D3A386 /* Preview Content */,
			);
			path = TestFrameworkExamples;
			sourceTree = "<group>";
		};
		113390A02A08CA7E00D3A386 /* Preview Content */ = {
			isa = PBXGroup;
			children = (
				113390A12A08CA7E00D3A386 /* Preview Assets.xcassets */,
			);
			path = "Preview Content";
			sourceTree = "<group>";
		};
		113390A62A08CACA00D3A386 /* Frameworks */ = {
			isa = PBXGroup;
			children = (
			);
			name = Frameworks;
			sourceTree = "<group>";
		};
/* End PBXGroup section */

/* Begin PBXHeadersBuildPhase section */
		113390832A08C87C00D3A386 /* Headers */ = {
			isa = PBXHeadersBuildPhase;
			buildActionMask = 2147483647;
			files = (
				1133908C2A08C87C00D3A386 /* testFramework.h in Headers */,
			);
			runOnlyForDeploymentPostprocessing = 0;
		};
/* End PBXHeadersBuildPhase section */

/* Begin PBXNativeTarget section */
		113390872A08C87C00D3A386 /* testFramework */ = {
			isa = PBXNativeTarget;
			buildConfigurationList = 1133908F2A08C87C00D3A386 /* Build configuration list for PBXNativeTarget "testFramework" */;
			buildPhases = (
				113390832A08C87C00D3A386 /* Headers */,
				113390842A08C87C00D3A386 /* Sources */,
				113390852A08C87C00D3A386 /* Frameworks */,
				113390862A08C87C00D3A386 /* Resources */,
			);
			buildRules = (
			);
			dependencies = (
			);
			name = testFramework;
			productName = testFramework;
			productReference = 113390882A08C87C00D3A386 /* testFramework.framework */;
			productType = "com.apple.product-type.framework";
		};
		113390972A08CA7900D3A386 /* TestFrameworkExamples */ = {
			isa = PBXNativeTarget;
			buildConfigurationList = 113390A32A08CA7E00D3A386 /* Build configuration list for PBXNativeTarget "TestFrameworkExamples" */;
			buildPhases = (
				113390942A08CA7900D3A386 /* Sources */,
				113390952A08CA7900D3A386 /* Frameworks */,
				113390962A08CA7900D3A386 /* Resources */,
				113390B32A08D6F600D3A386 /* Embed Frameworks */,
			);
			buildRules = (
			);
			dependencies = (
				113390B72A08DE0F00D3A386 /* PBXTargetDependency */,
			);
			name = TestFrameworkExamples;
			productName = TestFrameworkExamples;
			productReference = 113390982A08CA7900D3A386 /* TestFrameworkExamples.app */;
			productType = "com.apple.product-type.application";
		};
/* End PBXNativeTarget section */

/* Begin PBXProject section */
		1133907F2A08C87C00D3A386 /* Project object */ = {
			isa = PBXProject;
			attributes = {
				BuildIndependentTargetsInParallel = 1;
				LastSwiftUpdateCheck = 1410;
				LastUpgradeCheck = 1410;
				TargetAttributes = {
					113390872A08C87C00D3A386 = {
						CreatedOnToolsVersion = 14.1;
						LastSwiftMigration = 1410;
					};
					113390972A08CA7900D3A386 = {
						CreatedOnToolsVersion = 14.1;
					};
				};
			};
			buildConfigurationList = 113390822A08C87C00D3A386 /* Build configuration list for PBXProject "testFramework" */;
			compatibilityVersion = "Xcode 14.0";
			developmentRegion = en;
			hasScannedForEncodings = 0;
			knownRegions = (
				en,
				Base,
			);
			mainGroup = 1133907E2A08C87C00D3A386;
			productRefGroup = 113390892A08C87C00D3A386 /* Products */;
			projectDirPath = "";
			projectRoot = "";
			targets = (
				113390872A08C87C00D3A386 /* testFramework */,
				113390972A08CA7900D3A386 /* TestFrameworkExamples */,
			);
		};
/* End PBXProject section */

/* Begin PBXResourcesBuildPhase section */
		113390862A08C87C00D3A386 /* Resources */ = {
			isa = PBXResourcesBuildPhase;
			buildActionMask = 2147483647;
			files = (
			);
			runOnlyForDeploymentPostprocessing = 0;
		};
		113390962A08CA7900D3A386 /* Resources */ = {
			isa = PBXResourcesBuildPhase;
			buildActionMask = 2147483647;
			files = (
				113390A22A08CA7E00D3A386 /* Preview Assets.xcassets in Resources */,
				1133909F2A08CA7E00D3A386 /* Assets.xcassets in Resources */,
			);
			runOnlyForDeploymentPostprocessing = 0;
		};
/* End PBXResourcesBuildPhase section */

/* Begin PBXSourcesBuildPhase section */
		113390842A08C87C00D3A386 /* Sources */ = {
			isa = PBXSourcesBuildPhase;
			buildActionMask = 2147483647;
			files = (
				113390932A08C8F200D3A386 /* CustomLog.swift in Sources */,
			);
			runOnlyForDeploymentPostprocessing = 0;
		};
		113390942A08CA7900D3A386 /* Sources */ = {
			isa = PBXSourcesBuildPhase;
			buildActionMask = 2147483647;
			files = (
				1133909D2A08CA7900D3A386 /* ContentView.swift in Sources */,
				1133909B2A08CA7900D3A386 /* TestFrameworkExamplesApp.swift in Sources */,
			);
			runOnlyForDeploymentPostprocessing = 0;
		};
/* End PBXSourcesBuildPhase section */

/* Begin PBXTargetDependency section */
		113390B72A08DE0F00D3A386 /* PBXTargetDependency */ = {
			isa = PBXTargetDependency;
			target = 113390872A08C87C00D3A386 /* testFramework */;
			targetProxy = 113390B62A08DE0F00D3A386 /* PBXContainerItemProxy */;
		};
/* End PBXTargetDependency section */

/* Begin XCBuildConfiguration section */
		1133908D2A08C87C00D3A386 /* Debug */ = {
			isa = XCBuildConfiguration;
			buildSettings = {
				ALWAYS_SEARCH_USER_PATHS = NO;
				CLANG_ANALYZER_NONNULL = YES;
				CLANG_ANALYZER_NUMBER_OBJECT_CONVERSION = YES_AGGRESSIVE;
				CLANG_CXX_LANGUAGE_STANDARD = "gnu++20";
				CLANG_ENABLE_MODULES = YES;
				CLANG_ENABLE_OBJC_ARC = YES;
				CLANG_ENABLE_OBJC_WEAK = YES;
				CLANG_WARN_BLOCK_CAPTURE_AUTORELEASING = YES;
				CLANG_WARN_BOOL_CONVERSION = YES;
				CLANG_WARN_COMMA = YES;
				CLANG_WARN_CONSTANT_CONVERSION = YES;
				CLANG_WARN_DEPRECATED_OBJC_IMPLEMENTATIONS = YES;
				CLANG_WARN_DIRECT_OBJC_ISA_USAGE = YES_ERROR;
				CLANG_WARN_DOCUMENTATION_COMMENTS = YES;
				CLANG_WARN_EMPTY_BODY = YES;
				CLANG_WARN_ENUM_CONVERSION = YES;
				CLANG_WARN_INFINITE_RECURSION = YES;
				CLANG_WARN_INT_CONVERSION = YES;
				CLANG_WARN_NON_LITERAL_NULL_CONVERSION = YES;
				CLANG_WARN_OBJC_IMPLICIT_RETAIN_SELF = YES;
				CLANG_WARN_OBJC_LITERAL_CONVERSION = YES;
				CLANG_WARN_OBJC_ROOT_CLASS = YES_ERROR;
				CLANG_WARN_QUOTED_INCLUDE_IN_FRAMEWORK_HEADER = YES;
				CLANG_WARN_RANGE_LOOP_ANALYSIS = YES;
				CLANG_WARN_STRICT_PROTOTYPES = YES;
				CLANG_WARN_SUSPICIOUS_MOVE = YES;
				CLANG_WARN_UNGUARDED_AVAILABILITY = YES_AGGRESSIVE;
				CLANG_WARN_UNREACHABLE_CODE = YES;
				CLANG_WARN__DUPLICATE_METHOD_MATCH = YES;
				COPY_PHASE_STRIP = NO;
				CURRENT_PROJECT_VERSION = 1;
				DEBUG_INFORMATION_FORMAT = dwarf;
				ENABLE_STRICT_OBJC_MSGSEND = YES;
				ENABLE_TESTABILITY = YES;
				GCC_C_LANGUAGE_STANDARD = gnu11;
				GCC_DYNAMIC_NO_PIC = NO;
				GCC_NO_COMMON_BLOCKS = YES;
				GCC_OPTIMIZATION_LEVEL = 0;
				GCC_PREPROCESSOR_DEFINITIONS = (
					"DEBUG=1",
					"$(inherited)",
				);
				GCC_WARN_64_TO_32_BIT_CONVERSION = YES;
				GCC_WARN_ABOUT_RETURN_TYPE = YES_ERROR;
				GCC_WARN_UNDECLARED_SELECTOR = YES;
				GCC_WARN_UNINITIALIZED_AUTOS = YES_AGGRESSIVE;
				GCC_WARN_UNUSED_FUNCTION = YES;
				GCC_WARN_UNUSED_VARIABLE = YES;
				IPHONEOS_DEPLOYMENT_TARGET = 16.1;
				MTL_ENABLE_DEBUG_INFO = INCLUDE_SOURCE;
				MTL_FAST_MATH = YES;
				ONLY_ACTIVE_ARCH = YES;
				SDKROOT = iphoneos;
				SWIFT_ACTIVE_COMPILATION_CONDITIONS = DEBUG;
				SWIFT_OPTIMIZATION_LEVEL = "-Onone";
				VERSIONING_SYSTEM = "apple-generic";
				VERSION_INFO_PREFIX = "";
			};
			name = Debug;
		};
		1133908E2A08C87C00D3A386 /* Release */ = {
			isa = XCBuildConfiguration;
			buildSettings = {
				ALWAYS_SEARCH_USER_PATHS = NO;
				CLANG_ANALYZER_NONNULL = YES;
				CLANG_ANALYZER_NUMBER_OBJECT_CONVERSION = YES_AGGRESSIVE;
				CLANG_CXX_LANGUAGE_STANDARD = "gnu++20";
				CLANG_ENABLE_MODULES = YES;
				CLANG_ENABLE_OBJC_ARC = YES;
				CLANG_ENABLE_OBJC_WEAK = YES;
				CLANG_WARN_BLOCK_CAPTURE_AUTORELEASING = YES;
				CLANG_WARN_BOOL_CONVERSION = YES;
				CLANG_WARN_COMMA = YES;
				CLANG_WARN_CONSTANT_CONVERSION = YES;
				CLANG_WARN_DEPRECATED_OBJC_IMPLEMENTATIONS = YES;
				CLANG_WARN_DIRECT_OBJC_ISA_USAGE = YES_ERROR;
				CLANG_WARN_DOCUMENTATION_COMMENTS = YES;
				CLANG_WARN_EMPTY_BODY = YES;
				CLANG_WARN_ENUM_CONVERSION = YES;
				CLANG_WARN_INFINITE_RECURSION = YES;
				CLANG_WARN_INT_CONVERSION = YES;
				CLANG_WARN_NON_LITERAL_NULL_CONVERSION = YES;
				CLANG_WARN_OBJC_IMPLICIT_RETAIN_SELF = YES;
				CLANG_WARN_OBJC_LITERAL_CONVERSION = YES;
				CLANG_WARN_OBJC_ROOT_CLASS = YES_ERROR;
				CLANG_WARN_QUOTED_INCLUDE_IN_FRAMEWORK_HEADER = YES;
				CLANG_WARN_RANGE_LOOP_ANALYSIS = YES;
				CLANG_WARN_STRICT_PROTOTYPES = YES;
				CLANG_WARN_SUSPICIOUS_MOVE = YES;
				CLANG_WARN_UNGUARDED_AVAILABILITY = YES_AGGRESSIVE;
				CLANG_WARN_UNREACHABLE_CODE = YES;
				CLANG_WARN__DUPLICATE_METHOD_MATCH = YES;
				COPY_PHASE_STRIP = NO;
				CURRENT_PROJECT_VERSION = 1;
				DEBUG_INFORMATION_FORMAT = "dwarf-with-dsym";
				ENABLE_NS_ASSERTIONS = NO;
				ENABLE_STRICT_OBJC_MSGSEND = YES;
				GCC_C_LANGUAGE_STANDARD = gnu11;
				GCC_NO_COMMON_BLOCKS = YES;
				GCC_WARN_64_TO_32_BIT_CONVERSION = YES;
				GCC_WARN_ABOUT_RETURN_TYPE = YES_ERROR;
				GCC_WARN_UNDECLARED_SELECTOR = YES;
				GCC_WARN_UNINITIALIZED_AUTOS = YES_AGGRESSIVE;
				GCC_WARN_UNUSED_FUNCTION = YES;
				GCC_WARN_UNUSED_VARIABLE = YES;
				IPHONEOS_DEPLOYMENT_TARGET = 16.1;
				MTL_ENABLE_DEBUG_INFO = NO;
				MTL_FAST_MATH = YES;
				SDKROOT = iphoneos;
				SWIFT_COMPILATION_MODE = wholemodule;
				SWIFT_OPTIMIZATION_LEVEL = "-O";
				VALIDATE_PRODUCT = YES;
				VERSIONING_SYSTEM = "apple-generic";
				VERSION_INFO_PREFIX = "";
			};
			name = Release;
		};
		113390902A08C87C00D3A386 /* Debug */ = {
			isa = XCBuildConfiguration;
			buildSettings = {
				BUILD_LIBRARY_FOR_DISTRIBUTION = YES;
				CLANG_ENABLE_MODULES = YES;
				CODE_SIGN_STYLE = Automatic;
				CURRENT_PROJECT_VERSION = 1;
				DEFINES_MODULE = YES;
				DYLIB_COMPATIBILITY_VERSION = 1;
				DYLIB_CURRENT_VERSION = 1;
				DYLIB_INSTALL_NAME_BASE = "@rpath";
				GENERATE_INFOPLIST_FILE = YES;
				INFOPLIST_KEY_NSHumanReadableCopyright = "";
				INSTALL_PATH = "$(LOCAL_LIBRARY_DIR)/Frameworks";
				IPHONEOS_DEPLOYMENT_TARGET = 13.0;
				LD_RUNPATH_SEARCH_PATHS = (
					"$(inherited)",
					"@executable_path/Frameworks",
					"@loader_path/Frameworks",
				);
				MARKETING_VERSION = 1.0;
				PRODUCT_BUNDLE_IDENTIFIER = vn.vnptit.testFramework;
				PRODUCT_NAME = "$(TARGET_NAME:c99extidentifier)";
				SKIP_INSTALL = YES;
				SWIFT_EMIT_LOC_STRINGS = YES;
				SWIFT_OPTIMIZATION_LEVEL = "-Onone";
				SWIFT_VERSION = 5.0;
				TARGETED_DEVICE_FAMILY = "1,2";
			};
			name = Debug;
		};
		113390912A08C87C00D3A386 /* Release */ = {
			isa = XCBuildConfiguration;
			buildSettings = {
				BUILD_LIBRARY_FOR_DISTRIBUTION = YES;
				CLANG_ENABLE_MODULES = YES;
				CODE_SIGN_STYLE = Automatic;
				CURRENT_PROJECT_VERSION = 1;
				DEFINES_MODULE = YES;
				DYLIB_COMPATIBILITY_VERSION = 1;
				DYLIB_CURRENT_VERSION = 1;
				DYLIB_INSTALL_NAME_BASE = "@rpath";
				GENERATE_INFOPLIST_FILE = YES;
				INFOPLIST_KEY_NSHumanReadableCopyright = "";
				INSTALL_PATH = "$(LOCAL_LIBRARY_DIR)/Frameworks";
				IPHONEOS_DEPLOYMENT_TARGET = 13.0;
				LD_RUNPATH_SEARCH_PATHS = (
					"$(inherited)",
					"@executable_path/Frameworks",
					"@loader_path/Frameworks",
				);
				MARKETING_VERSION = 1.0;
				PRODUCT_BUNDLE_IDENTIFIER = vn.vnptit.testFramework;
				PRODUCT_NAME = "$(TARGET_NAME:c99extidentifier)";
				SKIP_INSTALL = YES;
				SWIFT_EMIT_LOC_STRINGS = YES;
				SWIFT_VERSION = 5.0;
				TARGETED_DEVICE_FAMILY = "1,2";
			};
			name = Release;
		};
		113390A42A08CA7E00D3A386 /* Debug */ = {
			isa = XCBuildConfiguration;
			buildSettings = {
				ASSETCATALOG_COMPILER_APPICON_NAME = AppIcon;
				ASSETCATALOG_COMPILER_GLOBAL_ACCENT_COLOR_NAME = AccentColor;
				CODE_SIGN_STYLE = Automatic;
				CURRENT_PROJECT_VERSION = 1;
				DEVELOPMENT_ASSET_PATHS = "\"TestFrameworkExamples/Preview Content\"";
				ENABLE_PREVIEWS = YES;
				GENERATE_INFOPLIST_FILE = YES;
				INFOPLIST_KEY_UIApplicationSceneManifest_Generation = YES;
				INFOPLIST_KEY_UIApplicationSupportsIndirectInputEvents = YES;
				INFOPLIST_KEY_UILaunchScreen_Generation = YES;
				INFOPLIST_KEY_UISupportedInterfaceOrientations_iPad = "UIInterfaceOrientationPortrait UIInterfaceOrientationPortraitUpsideDown UIInterfaceOrientationLandscapeLeft UIInterfaceOrientationLandscapeRight";
				INFOPLIST_KEY_UISupportedInterfaceOrientations_iPhone = "UIInterfaceOrientationPortrait UIInterfaceOrientationLandscapeLeft UIInterfaceOrientationLandscapeRight";
				IPHONEOS_DEPLOYMENT_TARGET = 14.0;
				LD_RUNPATH_SEARCH_PATHS = (
					"$(inherited)",
					"@executable_path/Frameworks",
				);
				MARKETING_VERSION = 1.0;
				PRODUCT_BUNDLE_IDENTIFIER = vn.vnptit.TestFrameworkExamples;
				PRODUCT_NAME = "$(TARGET_NAME)";
				SWIFT_EMIT_LOC_STRINGS = YES;
				SWIFT_VERSION = 5.0;
				TARGETED_DEVICE_FAMILY = "1,2";
			};
			name = Debug;
		};
		113390A52A08CA7E00D3A386 /* Release */ = {
			isa = XCBuildConfiguration;
			buildSettings = {
				ASSETCATALOG_COMPILER_APPICON_NAME = AppIcon;
				ASSETCATALOG_COMPILER_GLOBAL_ACCENT_COLOR_NAME = AccentColor;
				CODE_SIGN_STYLE = Automatic;
				CURRENT_PROJECT_VERSION = 1;
				DEVELOPMENT_ASSET_PATHS = "\"TestFrameworkExamples/Preview Content\"";
				ENABLE_PREVIEWS = YES;
				GENERATE_INFOPLIST_FILE = YES;
				INFOPLIST_KEY_UIApplicationSceneManifest_Generation = YES;
				INFOPLIST_KEY_UIApplicationSupportsIndirectInputEvents = YES;
				INFOPLIST_KEY_UILaunchScreen_Generation = YES;
				INFOPLIST_KEY_UISupportedInterfaceOrientations_iPad = "UIInterfaceOrientationPortrait UIInterfaceOrientationPortraitUpsideDown UIInterfaceOrientationLandscapeLeft UIInterfaceOrientationLandscapeRight";
				INFOPLIST_KEY_UISupportedInterfaceOrientations_iPhone = "UIInterfaceOrientationPortrait UIInterfaceOrientationLandscapeLeft UIInterfaceOrientationLandscapeRight";
				IPHONEOS_DEPLOYMENT_TARGET = 14.0;
				LD_RUNPATH_SEARCH_PATHS = (
					"$(inherited)",
					"@executable_path/Frameworks",
				);
				MARKETING_VERSION = 1.0;
				PRODUCT_BUNDLE_IDENTIFIER = vn.vnptit.TestFrameworkExamples;
				PRODUCT_NAME = "$(TARGET_NAME)";
				SWIFT_EMIT_LOC_STRINGS = YES;
				SWIFT_VERSION = 5.0;
				TARGETED_DEVICE_FAMILY = "1,2";
			};
			name = Release;
		};
/* End XCBuildConfiguration section */

/* Begin XCConfigurationList section */
		113390822A08C87C00D3A386 /* Build configuration list for PBXProject "testFramework" */ = {
			isa = XCConfigurationList;
			buildConfigurations = (
				1133908D2A08C87C00D3A386 /* Debug */,
				1133908E2A08C87C00D3A386 /* Release */,
			);
			defaultConfigurationIsVisible = 0;
			defaultConfigurationName = Release;
		};
		1133908F2A08C87C00D3A386 /* Build configuration list for PBXNativeTarget "testFramework" */ = {
			isa = XCConfigurationList;
			buildConfigurations = (
				113390902A08C87C00D3A386 /* Debug */,
				113390912A08C87C00D3A386 /* Release */,
			);
			defaultConfigurationIsVisible = 0;
			defaultConfigurationName = Release;
		};
		113390A32A08CA7E00D3A386 /* Build configuration list for PBXNativeTarget "TestFrameworkExamples" */ = {
			isa = XCConfigurationList;
			buildConfigurations = (
				113390A42A08CA7E00D3A386 /* Debug */,
				113390A52A08CA7E00D3A386 /* Release */,
			);
			defaultConfigurationIsVisible = 0;
			defaultConfigurationName = Release;
		};
/* End XCConfigurationList section */
	};
	rootObject = 1133907F2A08C87C00D3A386 /* Project object */;
}
